
Microsoft Visual Studio Solution File, Format Version 12.00
# Visual Studio Version 17
VisualStudioVersion = 17.8.34525.116
MinimumVisualStudioVersion = 10.0.40219.1
Project("{FAE04EC0-301F-11D3-BF4B-00C04F79EFBC}") = "DatabaseApp", "DatabaseApp.csproj", "{F3DEE4C8-FC45-473D-8302-7D4BA90D4374}"
EndProject
Global
	GlobalSection(SolutionConfigurationPlatforms) = preSolution
		Debug|Any CPU = Debug|Any CPU
		Release|Any CPU = Release|Any CPU
	EndGlobalSection
	GlobalSection(ProjectConfigurationPlatforms) = postSolution
		{F3DEE4C8-FC45-473D-8302-7D4BA90D4374}.Debug|Any CPU.ActiveCfg = Debug|Any CPU
		{F3DEE4C8-FC45-473D-8302-7D4BA90D4374}.Debug|Any CPU.Build.0 = Debug|Any CPU
		{F3DEE4C8-FC45-473D-8302-7D4BA90D4374}.Release|Any CPU.ActiveCfg = Release|Any CPU
		{F3DEE4C8-FC45-473D-8302-7D4BA90D4374}.Release|Any CPU.Build.0 = Release|Any CPU
	EndGlobalSection
	GlobalSection(SolutionProperties) = preSolution
		HideSolutionNode = FALSE
	EndGlobalSection
	GlobalSection(ExtensibilityGlobals) = postSolution
		SolutionGuid = {41BAC1F0-6E83-424B-8E3A-25688CDE63CB}
	EndGlobalSection
EndGlobal
